<?xml version="1.0" encoding="utf-8"?>
<Project ToolsVersion="4.0" xmlns="http://schemas.microsoft.com/developer/msbuild/2003">
  <ItemGroup>
    <Filter Include="Source Files">
      <UniqueIdentifier>{4FC737F1-C7A5-4376-A066-2A32D752A2FF}</UniqueIdentifier>
      <Extensions>cpp;c;cc;cxx;c++;cppm;ixx;def;odl;idl;hpj;bat;asm;asmx</Extensions>
    </Filter>
    <Filter Include="Header Files">
      <UniqueIdentifier>{93995380-89BD-4b04-88EB-625FBE52EBFB}</UniqueIdentifier>
      <Extensions>h;hh;hpp;hxx;h++;hm;inl;inc;ipp;xsd</Extensions>
    </Filter>
    <Filter Include="Resource Files">
      <UniqueIdentifier>{67DA6AB6-F800-4c08-8B7A-83BB121AAD01}</UniqueIdentifier>
      <Extensions>rc;ico;cur;bmp;dlg;rc2;rct;bin;rgs;gif;jpg;jpeg;jpe;resx;tiff;tif;png;wav;mfcribbon-ms</Extensions>
    </Filter>
  </ItemGroup>
  <ItemGroup>
    <ClCompile Include="src\main.cpp">
      <Filter>Source Files</Filter>
    </ClCompile>
    <ClCompile Include="src\Util\Event\EventSubscriptionToken.cpp">
      <Filter>Source Files</Filter>
    </ClCompile>
    <ClCompile Include="src\Util\Input\Input.cpp">
      <Filter>Source Files</Filter>
    </ClCompile>
    <ClCompile Include="src\Util\Input\KeycodeTranslator.cpp">
      <Filter>Source Files</Filter>
    </ClCompile>
    <ClCompile Include="src\Util\Window\Window.cpp">
      <Filter>Source Files</Filter>
    </ClCompile>
    <ClCompile Include="src\Util\Renderer\Renderer.cpp">
      <Filter>Source Files</Filter>
    </ClCompile>
    <ClCompile Include="src\Util\Event\EventDispatcher.cpp">
      <Filter>Source Files</Filter>
    </ClCompile>
    <ClCompile Include="src\Util\Camera\Camera.cpp">
      <Filter>Source Files</Filter>
    </ClCompile>
    <ClCompile Include="src\Util\Renderer\Mesh.cpp">
      <Filter>Source Files</Filter>
    </ClCompile>
    <ClCompile Include="src\Util\Renderer\Box.cpp">
      <Filter>Source Files</Filter>
    </ClCompile>
  </ItemGroup>
  <ItemGroup>
    <ClInclude Include="src\Util\Event\EventDispatcher.h">
      <Filter>Header Files</Filter>
    </ClInclude>
    <ClInclude Include="src\Util\Event\EventPayloads.h">
      <Filter>Header Files</Filter>
    </ClInclude>
    <ClInclude Include="src\Util\Event\EventPublic.h">
      <Filter>Header Files</Filter>
    </ClInclude>
    <ClInclude Include="src\Util\Event\EventSubscriptionToken.h">
      <Filter>Header Files</Filter>
    </ClInclude>
    <ClInclude Include="src\Util\Input\Input.h">
      <Filter>Header Files</Filter>
    </ClInclude>
    <ClInclude Include="src\Util\Input\InputPublic.h">
      <Filter>Header Files</Filter>
    </ClInclude>
    <ClInclude Include="src\Util\Input\Keycodes.h">
      <Filter>Header Files</Filter>
    </ClInclude>
    <ClInclude Include="src\Util\Input\KeycodeTranslator.h">
      <Filter>Header Files</Filter>
    </ClInclude>
    <ClInclude Include="src\Util\Window\Window.h">
      <Filter>Header Files</Filter>
    </ClInclude>
    <ClInclude Include="src\Util\Renderer\Renderer.h">
      <Filter>Header Files</Filter>
    </ClInclude>
    <ClInclude Include="src\Util\Camera\Camera.h">
      <Filter>Header Files</Filter>
    </ClInclude>
    <ClInclude Include="src\Util\Renderer\Mesh.h">
      <Filter>Header Files</Filter>
    </ClInclude>
    <ClInclude Include="src\Util\Renderer\Meshes.h">
      <Filter>Header Files</Filter>
    </ClInclude>
    <ClInclude Include="src\Util\Renderer\Box.h">
      <Filter>Header Files</Filter>
    </ClInclude>
  </ItemGroup>
  <ItemGroup>
    <None Include=".gitignore" />
    <None Include=".gitattributes" />
    <None Include="README.md" />
    <None Include="bin\Debug\x64\glew32.dll" />
    <None Include="bin\Debug\x64\glfw3.dll" />
    <None Include="assets\glsl\PosVertex.glsl" />
    <None Include="assets\glsl\EmptyFragment.glsl" />
    <None Include="assets\glsl\ShadowMappingVertex.glsl" />
    <None Include="assets\glsl\ShadowMappingFragment.glsl" />
  </ItemGroup>
</Project>